
Microsoft Visual Studio Solution File, Format Version 12.00
# Visual Studio Version 17
VisualStudioVersion = 17.11.35312.102
MinimumVisualStudioVersion = 10.0.40219.1
Project("{9A19103F-16F7-4668-BE54-9A1E7A4F7556}") = "Groepsreizen_team_tet", "Groepsreizen_team_tet\Groepsreizen_team_tet.csproj", "{05FF74CE-0839-423C-84C1-E18C02B46F36}"
EndProject
Global
	GlobalSection(SolutionConfigurationPlatforms) = preSolution
		Debug|Any CPU = Debug|Any CPU
		Release|Any CPU = Release|Any CPU
	EndGlobalSection
	GlobalSection(ProjectConfigurationPlatforms) = postSolution
		{05FF74CE-0839-423C-84C1-E18C02B46F36}.Debug|Any CPU.ActiveCfg = Debug|Any CPU
		{05FF74CE-0839-423C-84C1-E18C02B46F36}.Debug|Any CPU.Build.0 = Debug|Any CPU
		{05FF74CE-0839-423C-84C1-E18C02B46F36}.Release|Any CPU.ActiveCfg = Release|Any CPU
		{05FF74CE-0839-423C-84C1-E18C02B46F36}.Release|Any CPU.Build.0 = Release|Any CPU
	EndGlobalSection
	GlobalSection(SolutionProperties) = preSolution
		HideSolutionNode = FALSE
	EndGlobalSection
	GlobalSection(ExtensibilityGlobals) = postSolution
		SolutionGuid = {A9AB63B6-A578-4489-B3CD-45F7412B18B7}
	EndGlobalSection
EndGlobal
